
Microsoft Visual Studio Solution File, Format Version 12.00
# Visual Studio Version 16
VisualStudioVersion = 16.0.32602.290
MinimumVisualStudioVersion = 10.0.40219.1
Project("{FAE04EC0-301F-11D3-BF4B-00C04F79EFBC}") = "Revista-DigitalV2", "Revista-DigitalV2\Revista-DigitalV2.csproj", "{4D873DD8-F8CA-48FD-8498-D8E74C2FDA4E}"
EndProject
Global
	GlobalSection(SolutionConfigurationPlatforms) = preSolution
		Debug|Any CPU = Debug|Any CPU
		Release|Any CPU = Release|Any CPU
	EndGlobalSection
	GlobalSection(ProjectConfigurationPlatforms) = postSolution
		{4D873DD8-F8CA-48FD-8498-D8E74C2FDA4E}.Debug|Any CPU.ActiveCfg = Debug|Any CPU
		{4D873DD8-F8CA-48FD-8498-D8E74C2FDA4E}.Debug|Any CPU.Build.0 = Debug|Any CPU
		{4D873DD8-F8CA-48FD-8498-D8E74C2FDA4E}.Release|Any CPU.ActiveCfg = Release|Any CPU
		{4D873DD8-F8CA-48FD-8498-D8E74C2FDA4E}.Release|Any CPU.Build.0 = Release|Any CPU
	EndGlobalSection
	GlobalSection(SolutionProperties) = preSolution
		HideSolutionNode = FALSE
	EndGlobalSection
	GlobalSection(ExtensibilityGlobals) = postSolution
		SolutionGuid = {098DF328-BC8F-4C58-87CC-0429BD74254E}
	EndGlobalSection
EndGlobal
